// !$*UTF8*$!
{
	archiveVersion = 1;
	classes = {
	};
	objectVersion = 60;
	objects = {

/* Begin PBXBuildFile section */
		100000000000000000000101 /* AndonConeApp.swift in Sources */ = {isa = PBXBuildFile; fileRef = 100000000000000000000001 /* AndonConeApp.swift */; };
		100000000000000000000102 /* PlayerModel.swift in Sources */ = {isa = PBXBuildFile; fileRef = 100000000000000000000002 /* PlayerModel.swift */; };
		100000000000000000000103 /* RadioAppView.swift in Sources */ = {isa = PBXBuildFile; fileRef = 100000000000000000000003 /* RadioAppView.swift */; };
		100000000000000000000104 /* CarPlaySceneDelegate.swift in Sources */ = {isa = PBXBuildFile; fileRef = 100000000000000000000004 /* CarPlaySceneDelegate.swift */; };
		100000000000000000000105 /* AndonConeApp.swift in Sources */ = {isa = PBXBuildFile; fileRef = 100000000000000000000001 /* AndonConeApp.swift */; };
		100000000000000000000106 /* PlayerModel.swift in Sources */ = {isa = PBXBuildFile; fileRef = 100000000000000000000002 /* PlayerModel.swift */; };
		100000000000000000000107 /* RadioAppView.swift in Sources */ = {isa = PBXBuildFile; fileRef = 100000000000000000000003 /* RadioAppView.swift */; };
		100000000000000000000108 /* CarPlaySceneDelegate.swift in Sources */ = {isa = PBXBuildFile; fileRef = 100000000000000000000004 /* CarPlaySceneDelegate.swift */; };
		100000000000000000000109 /* Assets.xcassets in Resources */ = {isa = PBXBuildFile; fileRef = 100000000000000000000014 /* Assets.xcassets */; };
		100000000000000000000110 /* Assets.xcassets in Resources */ = {isa = PBXBuildFile; fileRef = 100000000000000000000014 /* Assets.xcassets */; };
		100000000000000000000113 /* EmbraceIO in Frameworks */ = {isa = PBXBuildFile; productRef = 100000000000000000001001 /* EmbraceIO */; };
		100000000000000000000119 /* ArtworkCache.swift in Sources */ = {isa = PBXBuildFile; fileRef = 100000000000000000000006 /* ArtworkCache.swift */; };
		100000000000000000000120 /* ArtworkCache.swift in Sources */ = {isa = PBXBuildFile; fileRef = 100000000000000000000006 /* ArtworkCache.swift */; };
		100000000000000000000121 /* MusicMetadataClient.swift in Sources */ = {isa = PBXBuildFile; fileRef = 100000000000000000000007 /* MusicMetadataClient.swift */; };
		100000000000000000000122 /* MusicMetadataClient.swift in Sources */ = {isa = PBXBuildFile; fileRef = 100000000000000000000007 /* MusicMetadataClient.swift */; };
		100000000000000000000123 /* MusicLibraryService.swift in Sources */ = {isa = PBXBuildFile; fileRef = 100000000000000000000008 /* MusicLibraryService.swift */; };
		100000000000000000000124 /* MusicLibraryService.swift in Sources */ = {isa = PBXBuildFile; fileRef = 100000000000000000000008 /* MusicLibraryService.swift */; };
		100000000000000000000131 /* TextFormatting.swift in Sources */ = {isa = PBXBuildFile; fileRef = 100000000000000000000031 /* TextFormatting.swift */; };
		100000000000000000000132 /* Theme.swift in Sources */ = {isa = PBXBuildFile; fileRef = 100000000000000000000032 /* Theme.swift */; };
		100000000000000000000133 /* Artwork.swift in Sources */ = {isa = PBXBuildFile; fileRef = 100000000000000000000033 /* Artwork.swift */; };
		100000000000000000000134 /* DetailPanels.swift in Sources */ = {isa = PBXBuildFile; fileRef = 100000000000000000000034 /* DetailPanels.swift */; };
		100000000000000000000135 /* NowPlaying.swift in Sources */ = {isa = PBXBuildFile; fileRef = 100000000000000000000035 /* NowPlaying.swift */; };
		100000000000000000000136 /* Sidebar.swift in Sources */ = {isa = PBXBuildFile; fileRef = 100000000000000000000036 /* Sidebar.swift */; };
		100000000000000000000137 /* AboutView.swift in Sources */ = {isa = PBXBuildFile; fileRef = 100000000000000000000037 /* AboutView.swift */; };
		100000000000000000000138 /* Models.swift in Sources */ = {isa = PBXBuildFile; fileRef = 100000000000000000000038 /* Models.swift */; };
		100000000000000000000139 /* RadioAPIClient.swift in Sources */ = {isa = PBXBuildFile; fileRef = 100000000000000000000039 /* RadioAPIClient.swift */; };
		100000000000000000000140 /* CacheSupport.swift in Sources */ = {isa = PBXBuildFile; fileRef = 100000000000000000000040 /* CacheSupport.swift */; };
		100000000000000000000231 /* TextFormatting.swift in Sources */ = {isa = PBXBuildFile; fileRef = 100000000000000000000031 /* TextFormatting.swift */; };
		100000000000000000000232 /* Theme.swift in Sources */ = {isa = PBXBuildFile; fileRef = 100000000000000000000032 /* Theme.swift */; };
		100000000000000000000233 /* Artwork.swift in Sources */ = {isa = PBXBuildFile; fileRef = 100000000000000000000033 /* Artwork.swift */; };
		100000000000000000000234 /* DetailPanels.swift in Sources */ = {isa = PBXBuildFile; fileRef = 100000000000000000000034 /* DetailPanels.swift */; };
		100000000000000000000235 /* NowPlaying.swift in Sources */ = {isa = PBXBuildFile; fileRef = 100000000000000000000035 /* NowPlaying.swift */; };
		100000000000000000000236 /* Sidebar.swift in Sources */ = {isa = PBXBuildFile; fileRef = 100000000000000000000036 /* Sidebar.swift */; };
		100000000000000000000237 /* AboutView.swift in Sources */ = {isa = PBXBuildFile; fileRef = 100000000000000000000037 /* AboutView.swift */; };
		100000000000000000000238 /* Models.swift in Sources */ = {isa = PBXBuildFile; fileRef = 100000000000000000000038 /* Models.swift */; };
		100000000000000000000239 /* RadioAPIClient.swift in Sources */ = {isa = PBXBuildFile; fileRef = 100000000000000000000039 /* RadioAPIClient.swift */; };
		100000000000000000000240 /* CacheSupport.swift in Sources */ = {isa = PBXBuildFile; fileRef = 100000000000000000000040 /* CacheSupport.swift */; };
		100000000000000000010101 /* AndonTrackTests.swift in Sources */ = {isa = PBXBuildFile; fileRef = 100000000000000000010001 /* AndonTrackTests.swift */; };
		100000000000000000010102 /* BlockProgressTests.swift in Sources */ = {isa = PBXBuildFile; fileRef = 100000000000000000010002 /* BlockProgressTests.swift */; };
		100000000000000000010103 /* CacheSupportTests.swift in Sources */ = {isa = PBXBuildFile; fileRef = 100000000000000000010003 /* CacheSupportTests.swift */; };
		100000000000000000010104 /* EnrichedTrackTests.swift in Sources */ = {isa = PBXBuildFile; fileRef = 100000000000000000010004 /* EnrichedTrackTests.swift */; };
		100000000000000000010105 /* MetadataDecodingTests.swift in Sources */ = {isa = PBXBuildFile; fileRef = 100000000000000000010005 /* MetadataDecodingTests.swift */; };
		100000000000000000010106 /* MusicLibraryServiceTests.swift in Sources */ = {isa = PBXBuildFile; fileRef = 100000000000000000010006 /* MusicLibraryServiceTests.swift */; };
		100000000000000000010107 /* MusicMetadataClientTests.swift in Sources */ = {isa = PBXBuildFile; fileRef = 100000000000000000010007 /* MusicMetadataClientTests.swift */; };
		100000000000000000010108 /* PlayerModelRefreshTests.swift in Sources */ = {isa = PBXBuildFile; fileRef = 100000000000000000010008 /* PlayerModelRefreshTests.swift */; };
		100000000000000000010109 /* PlayerModelTests.swift in Sources */ = {isa = PBXBuildFile; fileRef = 100000000000000000010009 /* PlayerModelTests.swift */; };
		100000000000000000010110 /* RelativeTextTests.swift in Sources */ = {isa = PBXBuildFile; fileRef = 100000000000000000010010 /* RelativeTextTests.swift */; };
		100000000000000000010111 /* TestHelpers.swift in Sources */ = {isa = PBXBuildFile; fileRef = 100000000000000000010011 /* TestHelpers.swift */; };
/* End PBXBuildFile section */

/* Begin PBXContainerItemProxy section */
		100000000000000000010701 /* PBXContainerItemProxy */ = {
			isa = PBXContainerItemProxy;
			containerPortal = 100000000000000000000801 /* Project object */;
			proxyType = 1;
			remoteGlobalIDString = 100000000000000000000402;
			remoteInfo = "Andon Cone macOS";
		};
/* End PBXContainerItemProxy section */

/* Begin PBXFileReference section */
		100000000000000000000001 /* AndonConeApp.swift */ = {isa = PBXFileReference; lastKnownFileType = sourcecode.swift; path = AndonConeApp.swift; sourceTree = "<group>"; };
		100000000000000000000002 /* PlayerModel.swift */ = {isa = PBXFileReference; lastKnownFileType = sourcecode.swift; path = PlayerModel.swift; sourceTree = "<group>"; };
		100000000000000000000003 /* RadioAppView.swift */ = {isa = PBXFileReference; lastKnownFileType = sourcecode.swift; path = RadioAppView.swift; sourceTree = "<group>"; };
		100000000000000000000004 /* CarPlaySceneDelegate.swift */ = {isa = PBXFileReference; lastKnownFileType = sourcecode.swift; path = CarPlaySceneDelegate.swift; sourceTree = "<group>"; };
		100000000000000000000006 /* ArtworkCache.swift */ = {isa = PBXFileReference; lastKnownFileType = sourcecode.swift; path = ArtworkCache.swift; sourceTree = "<group>"; };
		100000000000000000000007 /* MusicMetadataClient.swift */ = {isa = PBXFileReference; lastKnownFileType = sourcecode.swift; path = MusicMetadataClient.swift; sourceTree = "<group>"; };
		100000000000000000000008 /* MusicLibraryService.swift */ = {isa = PBXFileReference; lastKnownFileType = sourcecode.swift; path = MusicLibraryService.swift; sourceTree = "<group>"; };
		100000000000000000000011 /* Info.plist */ = {isa = PBXFileReference; lastKnownFileType = text.plist.xml; path = Info.plist; sourceTree = "<group>"; };
		100000000000000000000012 /* AndonCone.entitlements */ = {isa = PBXFileReference; lastKnownFileType = text.plist.entitlements; path = AndonCone.entitlements; sourceTree = "<group>"; };
		100000000000000000000013 /* Info.plist */ = {isa = PBXFileReference; lastKnownFileType = text.plist.xml; path = Info.plist; sourceTree = "<group>"; };
		100000000000000000000014 /* Assets.xcassets */ = {isa = PBXFileReference; lastKnownFileType = folder.assetcatalog; path = Assets.xcassets; sourceTree = "<group>"; };
		100000000000000000000021 /* Andon Cone.app */ = {isa = PBXFileReference; explicitFileType = wrapper.application; includeInIndex = 0; path = "Andon Cone.app"; sourceTree = BUILT_PRODUCTS_DIR; };
		100000000000000000000022 /* Andon Cone.app */ = {isa = PBXFileReference; explicitFileType = wrapper.application; includeInIndex = 0; path = "Andon Cone.app"; sourceTree = BUILT_PRODUCTS_DIR; };
		100000000000000000000031 /* TextFormatting.swift */ = {isa = PBXFileReference; lastKnownFileType = sourcecode.swift; path = TextFormatting.swift; sourceTree = "<group>"; };
		100000000000000000000032 /* Theme.swift */ = {isa = PBXFileReference; lastKnownFileType = sourcecode.swift; path = Theme.swift; sourceTree = "<group>"; };
		100000000000000000000033 /* Artwork.swift */ = {isa = PBXFileReference; lastKnownFileType = sourcecode.swift; path = Artwork.swift; sourceTree = "<group>"; };
		100000000000000000000034 /* DetailPanels.swift */ = {isa = PBXFileReference; lastKnownFileType = sourcecode.swift; path = DetailPanels.swift; sourceTree = "<group>"; };
		100000000000000000000035 /* NowPlaying.swift */ = {isa = PBXFileReference; lastKnownFileType = sourcecode.swift; path = NowPlaying.swift; sourceTree = "<group>"; };
		100000000000000000000036 /* Sidebar.swift */ = {isa = PBXFileReference; lastKnownFileType = sourcecode.swift; path = Sidebar.swift; sourceTree = "<group>"; };
		100000000000000000000037 /* AboutView.swift */ = {isa = PBXFileReference; lastKnownFileType = sourcecode.swift; path = AboutView.swift; sourceTree = "<group>"; };
		100000000000000000000038 /* Models.swift */ = {isa = PBXFileReference; lastKnownFileType = sourcecode.swift; path = Models.swift; sourceTree = "<group>"; };
		100000000000000000000039 /* RadioAPIClient.swift */ = {isa = PBXFileReference; lastKnownFileType = sourcecode.swift; path = RadioAPIClient.swift; sourceTree = "<group>"; };
		100000000000000000000040 /* CacheSupport.swift */ = {isa = PBXFileReference; lastKnownFileType = sourcecode.swift; path = CacheSupport.swift; sourceTree = "<group>"; };
		100000000000000000010001 /* AndonTrackTests.swift */ = {isa = PBXFileReference; lastKnownFileType = sourcecode.swift; path = AndonTrackTests.swift; sourceTree = "<group>"; };
		100000000000000000010002 /* BlockProgressTests.swift */ = {isa = PBXFileReference; lastKnownFileType = sourcecode.swift; path = BlockProgressTests.swift; sourceTree = "<group>"; };
		100000000000000000010003 /* CacheSupportTests.swift */ = {isa = PBXFileReference; lastKnownFileType = sourcecode.swift; path = CacheSupportTests.swift; sourceTree = "<group>"; };
		100000000000000000010004 /* EnrichedTrackTests.swift */ = {isa = PBXFileReference; lastKnownFileType = sourcecode.swift; path = EnrichedTrackTests.swift; sourceTree = "<group>"; };
		100000000000000000010005 /* MetadataDecodingTests.swift */ = {isa = PBXFileReference; lastKnownFileType = sourcecode.swift; path = MetadataDecodingTests.swift; sourceTree = "<group>"; };
		100000000000000000010006 /* MusicLibraryServiceTests.swift */ = {isa = PBXFileReference; lastKnownFileType = sourcecode.swift; path = MusicLibraryServiceTests.swift; sourceTree = "<group>"; };
		100000000000000000010007 /* MusicMetadataClientTests.swift */ = {isa = PBXFileReference; lastKnownFileType = sourcecode.swift; path = MusicMetadataClientTests.swift; sourceTree = "<group>"; };
		100000000000000000010008 /* PlayerModelRefreshTests.swift */ = {isa = PBXFileReference; lastKnownFileType = sourcecode.swift; path = PlayerModelRefreshTests.swift; sourceTree = "<group>"; };
		100000000000000000010009 /* PlayerModelTests.swift */ = {isa = PBXFileReference; lastKnownFileType = sourcecode.swift; path = PlayerModelTests.swift; sourceTree = "<group>"; };
		100000000000000000010010 /* RelativeTextTests.swift */ = {isa = PBXFileReference; lastKnownFileType = sourcecode.swift; path = RelativeTextTests.swift; sourceTree = "<group>"; };
		100000000000000000010011 /* TestHelpers.swift */ = {isa = PBXFileReference; lastKnownFileType = sourcecode.swift; path = TestHelpers.swift; sourceTree = "<group>"; };
		100000000000000000010021 /* AndonConeTests.xctest */ = {isa = PBXFileReference; explicitFileType = wrapper.cfbundle; includeInIndex = 0; path = AndonConeTests.xctest; sourceTree = BUILT_PRODUCTS_DIR; };
/* End PBXFileReference section */

/* Begin PBXFrameworksBuildPhase section */
		100000000000000000000201 /* Frameworks */ = {
			isa = PBXFrameworksBuildPhase;
			buildActionMask = 2147483647;
			files = (
				100000000000000000000113 /* EmbraceIO in Frameworks */,
			);
			runOnlyForDeploymentPostprocessing = 0;
		};
		100000000000000000000202 /* Frameworks */ = {
			isa = PBXFrameworksBuildPhase;
			buildActionMask = 2147483647;
			files = (
			);
			runOnlyForDeploymentPostprocessing = 0;
		};
		100000000000000000010201 /* Frameworks */ = {
			isa = PBXFrameworksBuildPhase;
			buildActionMask = 2147483647;
			files = (
			);
			runOnlyForDeploymentPostprocessing = 0;
		};
/* End PBXFrameworksBuildPhase section */

/* Begin PBXGroup section */
		100000000000000000000301 = {
			isa = PBXGroup;
			children = (
				100000000000000000000302 /* Sources/AndonCone */,
				100000000000000000010307 /* Tests/AndonConeTests */,
				100000000000000000000014 /* Assets.xcassets */,
				100000000000000000000303 /* Config */,
				100000000000000000000304 /* Products */,
			);
			sourceTree = "<group>";
		};
		100000000000000000000302 /* Sources/AndonCone */ = {
			isa = PBXGroup;
			children = (
				100000000000000000000001 /* AndonConeApp.swift */,
				100000000000000000000002 /* PlayerModel.swift */,
				100000000000000000000038 /* Models.swift */,
				100000000000000000000039 /* RadioAPIClient.swift */,
				100000000000000000000003 /* RadioAppView.swift */,
				100000000000000000000036 /* Sidebar.swift */,
				100000000000000000000035 /* NowPlaying.swift */,
				100000000000000000000034 /* DetailPanels.swift */,
				100000000000000000000033 /* Artwork.swift */,
				100000000000000000000037 /* AboutView.swift */,
				100000000000000000000032 /* Theme.swift */,
				100000000000000000000031 /* TextFormatting.swift */,
				100000000000000000000004 /* CarPlaySceneDelegate.swift */,
				100000000000000000000006 /* ArtworkCache.swift */,
				100000000000000000000007 /* MusicMetadataClient.swift */,
				100000000000000000000008 /* MusicLibraryService.swift */,
				100000000000000000000040 /* CacheSupport.swift */,
			);
			path = Sources/AndonCone;
			sourceTree = "<group>";
		};
		100000000000000000000303 /* Config */ = {
			isa = PBXGroup;
			children = (
				100000000000000000000305 /* iOS */,
				100000000000000000000306 /* macOS */,
			);
			path = Config;
			sourceTree = "<group>";
		};
		100000000000000000000304 /* Products */ = {
			isa = PBXGroup;
			children = (
				100000000000000000000021 /* Andon Cone.app */,
				100000000000000000000022 /* Andon Cone.app */,
				100000000000000000010021 /* AndonConeTests.xctest */,
			);
			name = Products;
			sourceTree = "<group>";
		};
		100000000000000000000305 /* iOS */ = {
			isa = PBXGroup;
			children = (
				100000000000000000000011 /* Info.plist */,
				100000000000000000000012 /* AndonCone.entitlements */,
			);
			path = iOS;
			sourceTree = "<group>";
		};
		100000000000000000000306 /* macOS */ = {
			isa = PBXGroup;
			children = (
				100000000000000000000013 /* Info.plist */,
			);
			path = macOS;
			sourceTree = "<group>";
		};
		100000000000000000010307 /* Tests/AndonConeTests */ = {
			isa = PBXGroup;
			children = (
				100000000000000000010001 /* AndonTrackTests.swift */,
				100000000000000000010002 /* BlockProgressTests.swift */,
				100000000000000000010003 /* CacheSupportTests.swift */,
				100000000000000000010004 /* EnrichedTrackTests.swift */,
				100000000000000000010005 /* MetadataDecodingTests.swift */,
				100000000000000000010006 /* MusicLibraryServiceTests.swift */,
				100000000000000000010007 /* MusicMetadataClientTests.swift */,
				100000000000000000010008 /* PlayerModelRefreshTests.swift */,
				100000000000000000010009 /* PlayerModelTests.swift */,
				100000000000000000010010 /* RelativeTextTests.swift */,
				100000000000000000010011 /* TestHelpers.swift */,
			);
			path = Tests/AndonConeTests;
			sourceTree = "<group>";
		};
/* End PBXGroup section */

/* Begin PBXNativeTarget section */
		100000000000000000000401 /* Andon Cone iOS */ = {
			isa = PBXNativeTarget;
			buildConfigurationList = 100000000000000000000501 /* Build configuration list for PBXNativeTarget "Andon Cone iOS" */;
			buildPhases = (
				100000000000000000000601 /* Sources */,
				100000000000000000000201 /* Frameworks */,
				100000000000000000000701 /* Resources */,
			);
			buildRules = (
			);
			dependencies = (
			);
			name = "Andon Cone iOS";
			packageProductDependencies = (
				100000000000000000001001 /* EmbraceIO */,
			);
			productName = "Andon Cone iOS";
			productReference = 100000000000000000000021 /* Andon Cone.app */;
			productType = "com.apple.product-type.application";
		};
		100000000000000000000402 /* Andon Cone macOS */ = {
			isa = PBXNativeTarget;
			buildConfigurationList = 100000000000000000000502 /* Build configuration list for PBXNativeTarget "Andon Cone macOS" */;
			buildPhases = (
				100000000000000000000602 /* Sources */,
				100000000000000000000202 /* Frameworks */,
				100000000000000000000702 /* Resources */,
			);
			buildRules = (
			);
			dependencies = (
			);
			name = "Andon Cone macOS";
			productName = "Andon Cone";
			productReference = 100000000000000000000022 /* Andon Cone.app */;
			productType = "com.apple.product-type.application";
		};
		100000000000000000010403 /* AndonConeTests macOS */ = {
			isa = PBXNativeTarget;
			buildConfigurationList = 100000000000000000010503 /* Build configuration list for PBXNativeTarget "AndonConeTests macOS" */;
			buildPhases = (
				100000000000000000010603 /* Sources */,
				100000000000000000010201 /* Frameworks */,
			);
			buildRules = (
			);
			dependencies = (
				100000000000000000010702 /* PBXTargetDependency */,
			);
			name = "AndonConeTests macOS";
			productName = AndonConeTests;
			productReference = 100000000000000000010021 /* AndonConeTests.xctest */;
			productType = "com.apple.product-type.bundle.unit-test";
		};
/* End PBXNativeTarget section */

/* Begin PBXProject section */
		100000000000000000000801 /* Project object */ = {
			isa = PBXProject;
			attributes = {
				BuildIndependentTargetsInParallel = 1;
				LastSwiftUpdateCheck = 2650;
				LastUpgradeCheck = 2650;
				TargetAttributes = {
					100000000000000000000401 = {
						CreatedOnToolsVersion = 26.5;
						SystemCapabilities = {
							com.apple.InAppPurchase = {
								enabled = 1;
							};
						};
					};
					100000000000000000000402 = {
						CreatedOnToolsVersion = 26.5;
						SystemCapabilities = {
							com.apple.InAppPurchase = {
								enabled = 1;
							};
						};
					};
					100000000000000000010403 = {
						CreatedOnToolsVersion = 26.5;
						TestTargetID = 100000000000000000000402;
					};
				};
			};
			buildConfigurationList = 100000000000000000000500 /* Build configuration list for PBXProject "AndonCone" */;
			compatibilityVersion = "Xcode 15.0";
			developmentRegion = en;
			hasScannedForEncodings = 0;
			knownRegions = (
				en,
				Base,
			);
			mainGroup = 100000000000000000000301;
			packageReferences = (
				100000000000000000001000 /* XCRemoteSwiftPackageReference "embrace-apple-sdk" */,
			);
			productRefGroup = 100000000000000000000304 /* Products */;
			projectDirPath = "";
			projectRoot = "";
			targets = (
				100000000000000000000401 /* Andon Cone iOS */,
				100000000000000000000402 /* Andon Cone macOS */,
				100000000000000000010403 /* AndonConeTests macOS */,
			);
		};
/* End PBXProject section */

/* Begin PBXResourcesBuildPhase section */
		100000000000000000000701 /* Resources */ = {
			isa = PBXResourcesBuildPhase;
			buildActionMask = 2147483647;
			files = (
				100000000000000000000109 /* Assets.xcassets in Resources */,
			);
			runOnlyForDeploymentPostprocessing = 0;
		};
		100000000000000000000702 /* Resources */ = {
			isa = PBXResourcesBuildPhase;
			buildActionMask = 2147483647;
			files = (
				100000000000000000000110 /* Assets.xcassets in Resources */,
			);
			runOnlyForDeploymentPostprocessing = 0;
		};
/* End PBXResourcesBuildPhase section */

/* Begin PBXSourcesBuildPhase section */
		100000000000000000000601 /* Sources */ = {
			isa = PBXSourcesBuildPhase;
			buildActionMask = 2147483647;
			files = (
				100000000000000000000101 /* AndonConeApp.swift in Sources */,
				100000000000000000000102 /* PlayerModel.swift in Sources */,
				100000000000000000000138 /* Models.swift in Sources */,
				100000000000000000000139 /* RadioAPIClient.swift in Sources */,
				100000000000000000000103 /* RadioAppView.swift in Sources */,
				100000000000000000000136 /* Sidebar.swift in Sources */,
				100000000000000000000135 /* NowPlaying.swift in Sources */,
				100000000000000000000134 /* DetailPanels.swift in Sources */,
				100000000000000000000133 /* Artwork.swift in Sources */,
				100000000000000000000137 /* AboutView.swift in Sources */,
				100000000000000000000132 /* Theme.swift in Sources */,
				100000000000000000000131 /* TextFormatting.swift in Sources */,
				100000000000000000000104 /* CarPlaySceneDelegate.swift in Sources */,
				100000000000000000000119 /* ArtworkCache.swift in Sources */,
				100000000000000000000121 /* MusicMetadataClient.swift in Sources */,
				100000000000000000000123 /* MusicLibraryService.swift in Sources */,
				100000000000000000000140 /* CacheSupport.swift in Sources */,
			);
			runOnlyForDeploymentPostprocessing = 0;
		};
		100000000000000000000602 /* Sources */ = {
			isa = PBXSourcesBuildPhase;
			buildActionMask = 2147483647;
			files = (
				100000000000000000000105 /* AndonConeApp.swift in Sources */,
				100000000000000000000106 /* PlayerModel.swift in Sources */,
				100000000000000000000238 /* Models.swift in Sources */,
				100000000000000000000239 /* RadioAPIClient.swift in Sources */,
				100000000000000000000107 /* RadioAppView.swift in Sources */,
				100000000000000000000236 /* Sidebar.swift in Sources */,
				100000000000000000000235 /* NowPlaying.swift in Sources */,
				100000000000000000000234 /* DetailPanels.swift in Sources */,
				100000000000000000000233 /* Artwork.swift in Sources */,
				100000000000000000000237 /* AboutView.swift in Sources */,
				100000000000000000000232 /* Theme.swift in Sources */,
				100000000000000000000231 /* TextFormatting.swift in Sources */,
				100000000000000000000108 /* CarPlaySceneDelegate.swift in Sources */,
				100000000000000000000120 /* ArtworkCache.swift in Sources */,
				100000000000000000000122 /* MusicMetadataClient.swift in Sources */,
				100000000000000000000124 /* MusicLibraryService.swift in Sources */,
				100000000000000000000240 /* CacheSupport.swift in Sources */,
			);
			runOnlyForDeploymentPostprocessing = 0;
		};
		100000000000000000010603 /* Sources */ = {
			isa = PBXSourcesBuildPhase;
			buildActionMask = 2147483647;
			files = (
				100000000000000000010101 /* AndonTrackTests.swift in Sources */,
				100000000000000000010102 /* BlockProgressTests.swift in Sources */,
				100000000000000000010103 /* CacheSupportTests.swift in Sources */,
				100000000000000000010104 /* EnrichedTrackTests.swift in Sources */,
				100000000000000000010105 /* MetadataDecodingTests.swift in Sources */,
				100000000000000000010106 /* MusicLibraryServiceTests.swift in Sources */,
				100000000000000000010107 /* MusicMetadataClientTests.swift in Sources */,
				100000000000000000010108 /* PlayerModelRefreshTests.swift in Sources */,
				100000000000000000010109 /* PlayerModelTests.swift in Sources */,
				100000000000000000010110 /* RelativeTextTests.swift in Sources */,
				100000000000000000010111 /* TestHelpers.swift in Sources */,
			);
			runOnlyForDeploymentPostprocessing = 0;
		};
/* End PBXSourcesBuildPhase section */

/* Begin PBXTargetDependency section */
		100000000000000000010702 /* PBXTargetDependency */ = {
			isa = PBXTargetDependency;
			target = 100000000000000000000402 /* Andon Cone macOS */;
			targetProxy = 100000000000000000010701 /* PBXContainerItemProxy */;
		};
/* End PBXTargetDependency section */

/* Begin XCBuildConfiguration section */
		100000000000000000000901 /* Debug */ = {
			isa = XCBuildConfiguration;
			buildSettings = {
				ALWAYS_SEARCH_USER_PATHS = NO;
				CLANG_ANALYZER_NONNULL = YES;
				CLANG_ANALYZER_NUMBER_OBJECT_CONVERSION = YES_AGGRESSIVE;
				CLANG_CXX_LANGUAGE_STANDARD = "gnu++20";
				CLANG_ENABLE_MODULES = YES;
				CLANG_ENABLE_OBJC_ARC = YES;
				CLANG_ENABLE_OBJC_WEAK = YES;
				CLANG_WARN_BLOCK_CAPTURE_AUTORELEASING = YES;
				CLANG_WARN_BOOL_CONVERSION = YES;
				CLANG_WARN_COMMA = YES;
				CLANG_WARN_CONSTANT_CONVERSION = YES;
				CLANG_WARN_DEPRECATED_OBJC_IMPLEMENTATIONS = YES;
				CLANG_WARN_DIRECT_OBJC_ISA_USAGE = YES_ERROR;
				CLANG_WARN_DOCUMENTATION_COMMENTS = YES;
				CLANG_WARN_EMPTY_BODY = YES;
				CLANG_WARN_ENUM_CONVERSION = YES;
				CLANG_WARN_INFINITE_RECURSION = YES;
				CLANG_WARN_INT_CONVERSION = YES;
				CLANG_WARN_NON_LITERAL_NULL_CONVERSION = YES;
				CLANG_WARN_OBJC_IMPLICIT_RETAIN_SELF = YES;
				CLANG_WARN_OBJC_LITERAL_CONVERSION = YES;
				CLANG_WARN_OBJC_ROOT_CLASS = YES_ERROR;
				CLANG_WARN_QUOTED_INCLUDE_IN_FRAMEWORK_HEADER = YES;
				CLANG_WARN_RANGE_LOOP_ANALYSIS = YES;
				CLANG_WARN_STRICT_PROTOTYPES = YES;
				CLANG_WARN_SUSPICIOUS_MOVE = YES;
				CLANG_WARN_UNGUARDED_AVAILABILITY = YES_AGGRESSIVE;
				CLANG_WARN_UNREACHABLE_CODE = YES;
				CLANG_WARN__DUPLICATE_METHOD_MATCH = YES;
				COPY_PHASE_STRIP = NO;
				DEBUG_INFORMATION_FORMAT = dwarf;
				ENABLE_STRICT_OBJC_MSGSEND = YES;
				ENABLE_TESTABILITY = YES;
				GCC_C_LANGUAGE_STANDARD = gnu17;
				GCC_DYNAMIC_NO_PIC = NO;
				GCC_NO_COMMON_BLOCKS = YES;
				GCC_OPTIMIZATION_LEVEL = 0;
				GCC_PREPROCESSOR_DEFINITIONS = (
					"DEBUG=1",
					"$(inherited)",
				);
				GCC_WARN_64_TO_32_BIT_CONVERSION = YES;
				GCC_WARN_ABOUT_RETURN_TYPE = YES_ERROR;
				GCC_WARN_UNDECLARED_SELECTOR = YES;
				GCC_WARN_UNINITIALIZED_AUTOS = YES_AGGRESSIVE;
				GCC_WARN_UNUSED_FUNCTION = YES;
				GCC_WARN_UNUSED_VARIABLE = YES;
				ONLY_ACTIVE_ARCH = YES;
				SWIFT_ACTIVE_COMPILATION_CONDITIONS = DEBUG;
				SWIFT_OPTIMIZATION_LEVEL = "-Onone";
			};
			name = Debug;
		};
		100000000000000000000902 /* Release */ = {
			isa = XCBuildConfiguration;
			buildSettings = {
				ALWAYS_SEARCH_USER_PATHS = NO;
				CLANG_ANALYZER_NONNULL = YES;
				CLANG_ANALYZER_NUMBER_OBJECT_CONVERSION = YES_AGGRESSIVE;
				CLANG_CXX_LANGUAGE_STANDARD = "gnu++20";
				CLANG_ENABLE_MODULES = YES;
				CLANG_ENABLE_OBJC_ARC = YES;
				CLANG_ENABLE_OBJC_WEAK = YES;
				CLANG_WARN_BLOCK_CAPTURE_AUTORELEASING = YES;
				CLANG_WARN_BOOL_CONVERSION = YES;
				CLANG_WARN_COMMA = YES;
				CLANG_WARN_CONSTANT_CONVERSION = YES;
				CLANG_WARN_DEPRECATED_OBJC_IMPLEMENTATIONS = YES;
				CLANG_WARN_DIRECT_OBJC_ISA_USAGE = YES_ERROR;
				CLANG_WARN_DOCUMENTATION_COMMENTS = YES;
				CLANG_WARN_EMPTY_BODY = YES;
				CLANG_WARN_ENUM_CONVERSION = YES;
				CLANG_WARN_INFINITE_RECURSION = YES;
				CLANG_WARN_INT_CONVERSION = YES;
				CLANG_WARN_NON_LITERAL_NULL_CONVERSION = YES;
				CLANG_WARN_OBJC_IMPLICIT_RETAIN_SELF = YES;
				CLANG_WARN_OBJC_LITERAL_CONVERSION = YES;
				CLANG_WARN_OBJC_ROOT_CLASS = YES_ERROR;
				CLANG_WARN_QUOTED_INCLUDE_IN_FRAMEWORK_HEADER = YES;
				CLANG_WARN_RANGE_LOOP_ANALYSIS = YES;
				CLANG_WARN_STRICT_PROTOTYPES = YES;
				CLANG_WARN_SUSPICIOUS_MOVE = YES;
				CLANG_WARN_UNGUARDED_AVAILABILITY = YES_AGGRESSIVE;
				CLANG_WARN_UNREACHABLE_CODE = YES;
				CLANG_WARN__DUPLICATE_METHOD_MATCH = YES;
				COPY_PHASE_STRIP = NO;
				DEBUG_INFORMATION_FORMAT = "dwarf-with-dsym";
				ENABLE_NS_ASSERTIONS = NO;
				ENABLE_STRICT_OBJC_MSGSEND = YES;
				GCC_C_LANGUAGE_STANDARD = gnu17;
				GCC_NO_COMMON_BLOCKS = YES;
				GCC_WARN_64_TO_32_BIT_CONVERSION = YES;
				GCC_WARN_ABOUT_RETURN_TYPE = YES_ERROR;
				GCC_WARN_UNDECLARED_SELECTOR = YES;
				GCC_WARN_UNINITIALIZED_AUTOS = YES_AGGRESSIVE;
				GCC_WARN_UNUSED_FUNCTION = YES;
				GCC_WARN_UNUSED_VARIABLE = YES;
				SWIFT_COMPILATION_MODE = wholemodule;
			};
			name = Release;
		};
		100000000000000000000911 /* Debug */ = {
			isa = XCBuildConfiguration;
			buildSettings = {
				ASSETCATALOG_COMPILER_APPICON_NAME = AppIcon;
				CODE_SIGN_ENTITLEMENTS = Config/iOS/AndonCone.entitlements;
				CODE_SIGN_STYLE = Automatic;
				DEVELOPMENT_TEAM = A45Q5DN8BF;
				ENABLE_PREVIEWS = YES;
				GENERATE_INFOPLIST_FILE = NO;
				INFOPLIST_FILE = Config/iOS/Info.plist;
				IPHONEOS_DEPLOYMENT_TARGET = 17.0;
				LD_RUNPATH_SEARCH_PATHS = (
					"$(inherited)",
					"@executable_path/Frameworks",
				);
				PRODUCT_BUNDLE_IDENTIFIER = io.aparker.andoncone;
				PRODUCT_MODULE_NAME = AndonCone;
				PRODUCT_NAME = "Andon Cone";
				SDKROOT = iphoneos;
				SUPPORTED_PLATFORMS = "iphoneos iphonesimulator";
				SUPPORTS_MACCATALYST = NO;
				SUPPORTS_MAC_DESIGNED_FOR_IPHONE_IPAD = NO;
				SUPPORTS_XR_DESIGNED_FOR_IPHONE_IPAD = NO;
				SWIFT_VERSION = 6.0;
				TARGETED_DEVICE_FAMILY = "1,2";
			};
			name = Debug;
		};
		100000000000000000000912 /* Release */ = {
			isa = XCBuildConfiguration;
			buildSettings = {
				ASSETCATALOG_COMPILER_APPICON_NAME = AppIcon;
				CODE_SIGN_ENTITLEMENTS = Config/iOS/AndonCone.entitlements;
				CODE_SIGN_STYLE = Automatic;
				DEVELOPMENT_TEAM = A45Q5DN8BF;
				ENABLE_PREVIEWS = YES;
				GENERATE_INFOPLIST_FILE = NO;
				INFOPLIST_FILE = Config/iOS/Info.plist;
				IPHONEOS_DEPLOYMENT_TARGET = 17.0;
				LD_RUNPATH_SEARCH_PATHS = (
					"$(inherited)",
					"@executable_path/Frameworks",
				);
				PRODUCT_BUNDLE_IDENTIFIER = io.aparker.andoncone;
				PRODUCT_MODULE_NAME = AndonCone;
				PRODUCT_NAME = "Andon Cone";
				SDKROOT = iphoneos;
				SUPPORTED_PLATFORMS = "iphoneos iphonesimulator";
				SUPPORTS_MACCATALYST = NO;
				SUPPORTS_MAC_DESIGNED_FOR_IPHONE_IPAD = NO;
				SUPPORTS_XR_DESIGNED_FOR_IPHONE_IPAD = NO;
				SWIFT_VERSION = 6.0;
				TARGETED_DEVICE_FAMILY = "1,2";
			};
			name = Release;
		};
		100000000000000000000921 /* Debug */ = {
			isa = XCBuildConfiguration;
			buildSettings = {
				ASSETCATALOG_COMPILER_APPICON_NAME = AppIcon;
				AUTOMATION_APPLE_EVENTS = NO;
				CODE_SIGN_ENTITLEMENTS = Config/macOS/AndonCone.entitlements;
				CODE_SIGN_STYLE = Automatic;
				DEVELOPMENT_TEAM = A45Q5DN8BF;
				ENABLE_HARDENED_RUNTIME = YES;
				ENABLE_PREVIEWS = YES;
				ENABLE_RESOURCE_ACCESS_AUDIO_INPUT = NO;
				ENABLE_RESOURCE_ACCESS_CALENDARS = NO;
				ENABLE_RESOURCE_ACCESS_CAMERA = NO;
				ENABLE_RESOURCE_ACCESS_CONTACTS = NO;
				ENABLE_RESOURCE_ACCESS_LOCATION = NO;
				ENABLE_RESOURCE_ACCESS_PHOTO_LIBRARY = NO;
				GENERATE_INFOPLIST_FILE = NO;
				INFOPLIST_FILE = Config/macOS/Info.plist;
				INFOPLIST_KEY_CFBundleDisplayName = "Andon Cone";
				INFOPLIST_KEY_LSApplicationCategoryType = "public.app-category.music";
				LD_RUNPATH_SEARCH_PATHS = (
					"$(inherited)",
					"@executable_path/../Frameworks",
				);
				MACOSX_DEPLOYMENT_TARGET = 14.0;
				PRODUCT_BUNDLE_IDENTIFIER = io.aparker.andoncone;
				PRODUCT_MODULE_NAME = AndonCone;
				PRODUCT_NAME = "Andon Cone";
				RUNTIME_EXCEPTION_ALLOW_DYLD_ENVIRONMENT_VARIABLES = NO;
				RUNTIME_EXCEPTION_ALLOW_JIT = NO;
				RUNTIME_EXCEPTION_ALLOW_UNSIGNED_EXECUTABLE_MEMORY = NO;
				RUNTIME_EXCEPTION_DEBUGGING_TOOL = NO;
				RUNTIME_EXCEPTION_DISABLE_EXECUTABLE_PAGE_PROTECTION = NO;
				RUNTIME_EXCEPTION_DISABLE_LIBRARY_VALIDATION = NO;
				SDKROOT = macosx;
				SUPPORTED_PLATFORMS = macosx;
				SWIFT_VERSION = 6.0;
			};
			name = Debug;
		};
		100000000000000000000922 /* Release */ = {
			isa = XCBuildConfiguration;
			buildSettings = {
				ASSETCATALOG_COMPILER_APPICON_NAME = AppIcon;
				AUTOMATION_APPLE_EVENTS = NO;
				CODE_SIGN_ENTITLEMENTS = Config/macOS/AndonCone.entitlements;
				CODE_SIGN_STYLE = Automatic;
				DEVELOPMENT_TEAM = A45Q5DN8BF;
				ENABLE_HARDENED_RUNTIME = YES;
				ENABLE_PREVIEWS = YES;
				ENABLE_RESOURCE_ACCESS_AUDIO_INPUT = NO;
				ENABLE_RESOURCE_ACCESS_CALENDARS = NO;
				ENABLE_RESOURCE_ACCESS_CAMERA = NO;
				ENABLE_RESOURCE_ACCESS_CONTACTS = NO;
				ENABLE_RESOURCE_ACCESS_LOCATION = NO;
				ENABLE_RESOURCE_ACCESS_PHOTO_LIBRARY = NO;
				GENERATE_INFOPLIST_FILE = NO;
				INFOPLIST_FILE = Config/macOS/Info.plist;
				INFOPLIST_KEY_CFBundleDisplayName = "Andon Cone";
				INFOPLIST_KEY_LSApplicationCategoryType = "public.app-category.music";
				LD_RUNPATH_SEARCH_PATHS = (
					"$(inherited)",
					"@executable_path/../Frameworks",
				);
				MACOSX_DEPLOYMENT_TARGET = 14.0;
				PRODUCT_BUNDLE_IDENTIFIER = io.aparker.andoncone;
				PRODUCT_MODULE_NAME = AndonCone;
				PRODUCT_NAME = "Andon Cone";
				RUNTIME_EXCEPTION_ALLOW_DYLD_ENVIRONMENT_VARIABLES = NO;
				RUNTIME_EXCEPTION_ALLOW_JIT = NO;
				RUNTIME_EXCEPTION_ALLOW_UNSIGNED_EXECUTABLE_MEMORY = NO;
				RUNTIME_EXCEPTION_DEBUGGING_TOOL = NO;
				RUNTIME_EXCEPTION_DISABLE_EXECUTABLE_PAGE_PROTECTION = NO;
				RUNTIME_EXCEPTION_DISABLE_LIBRARY_VALIDATION = NO;
				SDKROOT = macosx;
				SUPPORTED_PLATFORMS = macosx;
				SWIFT_VERSION = 6.0;
			};
			name = Release;
		};
		100000000000000000010931 /* Debug */ = {
			isa = XCBuildConfiguration;
			buildSettings = {
				BUNDLE_LOADER = "$(TEST_HOST)";
				CODE_SIGN_STYLE = Automatic;
				DEVELOPMENT_TEAM = A45Q5DN8BF;
				GENERATE_INFOPLIST_FILE = YES;
				LD_RUNPATH_SEARCH_PATHS = (
					"$(inherited)",
					"@executable_path/../Frameworks",
					"@loader_path/../Frameworks",
				);
				MACOSX_DEPLOYMENT_TARGET = 14.0;
				PRODUCT_BUNDLE_IDENTIFIER = io.aparker.andoncone.tests;
				PRODUCT_MODULE_NAME = AndonConeTests;
				PRODUCT_NAME = AndonConeTests;
				SDKROOT = macosx;
				SKIP_INSTALL = YES;
				SUPPORTED_PLATFORMS = macosx;
				SWIFT_VERSION = 6.0;
				TEST_HOST = "$(BUILT_PRODUCTS_DIR)/Andon Cone.app/Contents/MacOS/Andon Cone";
			};
			name = Debug;
		};
		100000000000000000010932 /* Release */ = {
			isa = XCBuildConfiguration;
			buildSettings = {
				BUNDLE_LOADER = "$(TEST_HOST)";
				CODE_SIGN_STYLE = Automatic;
				DEVELOPMENT_TEAM = A45Q5DN8BF;
				GENERATE_INFOPLIST_FILE = YES;
				LD_RUNPATH_SEARCH_PATHS = (
					"$(inherited)",
					"@executable_path/../Frameworks",
					"@loader_path/../Frameworks",
				);
				MACOSX_DEPLOYMENT_TARGET = 14.0;
				PRODUCT_BUNDLE_IDENTIFIER = io.aparker.andoncone.tests;
				PRODUCT_MODULE_NAME = AndonConeTests;
				PRODUCT_NAME = AndonConeTests;
				SDKROOT = macosx;
				SKIP_INSTALL = YES;
				SUPPORTED_PLATFORMS = macosx;
				SWIFT_VERSION = 6.0;
				TEST_HOST = "$(BUILT_PRODUCTS_DIR)/Andon Cone.app/Contents/MacOS/Andon Cone";
			};
			name = Release;
		};
/* End XCBuildConfiguration section */

/* Begin XCConfigurationList section */
		100000000000000000000500 /* Build configuration list for PBXProject "AndonCone" */ = {
			isa = XCConfigurationList;
			buildConfigurations = (
				100000000000000000000901 /* Debug */,
				100000000000000000000902 /* Release */,
			);
			defaultConfigurationIsVisible = 0;
			defaultConfigurationName = Release;
		};
		100000000000000000000501 /* Build configuration list for PBXNativeTarget "Andon Cone iOS" */ = {
			isa = XCConfigurationList;
			buildConfigurations = (
				100000000000000000000911 /* Debug */,
				100000000000000000000912 /* Release */,
			);
			defaultConfigurationIsVisible = 0;
			defaultConfigurationName = Release;
		};
		100000000000000000000502 /* Build configuration list for PBXNativeTarget "Andon Cone macOS" */ = {
			isa = XCConfigurationList;
			buildConfigurations = (
				100000000000000000000921 /* Debug */,
				100000000000000000000922 /* Release */,
			);
			defaultConfigurationIsVisible = 0;
			defaultConfigurationName = Release;
		};
		100000000000000000010503 /* Build configuration list for PBXNativeTarget "AndonConeTests macOS" */ = {
			isa = XCConfigurationList;
			buildConfigurations = (
				100000000000000000010931 /* Debug */,
				100000000000000000010932 /* Release */,
			);
			defaultConfigurationIsVisible = 0;
			defaultConfigurationName = Release;
		};
/* End XCConfigurationList section */

/* Begin XCRemoteSwiftPackageReference section */
		100000000000000000001000 /* XCRemoteSwiftPackageReference "embrace-apple-sdk" */ = {
			isa = XCRemoteSwiftPackageReference;
			repositoryURL = "https://github.com/embrace-io/embrace-apple-sdk.git";
			requirement = {
				kind = upToNextMajorVersion;
				minimumVersion = 6.18.0;
			};
		};
/* End XCRemoteSwiftPackageReference section */

/* Begin XCSwiftPackageProductDependency section */
		100000000000000000001001 /* EmbraceIO */ = {
			isa = XCSwiftPackageProductDependency;
			package = 100000000000000000001000 /* XCRemoteSwiftPackageReference "embrace-apple-sdk" */;
			productName = EmbraceIO;
		};
/* End XCSwiftPackageProductDependency section */
	};
	rootObject = 100000000000000000000801 /* Project object */;
}
